{
  "version": "4",
  "specifiers": {
    "jsr:@esroyo/generic-pool@3.10.1": "3.10.1",
    "jsr:@std/assert@1.0.6": "1.0.6",
    "jsr:@std/internal@^1.0.4": "1.0.9"
  },
  "jsr": {
    "@esroyo/generic-pool@3.10.1": {
      "integrity": "efc2247b639d1171b579f8797db186fa4c89e577545c0a2362e5fac8bdd1ee84"
    },
    "@std/assert@1.0.6": {
      "integrity": "1904c05806a25d94fe791d6d883b685c9e2dcd60e4f9fc30f4fc5cf010c72207",
      "dependencies": [
        "jsr:@std/internal"
      ]
    },
    "@std/internal@1.0.9": {
      "integrity": "bdfb97f83e4db7a13e8faab26fb1958d1b80cc64366501af78a0aee151696eb8"
    }
  },
  "workspace": {
    "dependencies": [
      "jsr:@esroyo/generic-pool@3.10.1",
      "jsr:@std/assert@1.0.6",
      "jsr:@std/testing@1.0.4"
    ]
  }
}
